{
  "name": "docs.contactit.fr",
  "version": "1.0.0",
  "lockfileVersion": 3,
  "requires": true,
  "packages": {
    "": {
      "name": "docs.contactit.fr",
      "version": "1.0.0",
      "license": "ISC",
      "dependencies": {
        "retypeapp": "^3.0.3"
      }
    },
    "node_modules/retypeapp": {
      "version": "3.0.3",
      "resolved": "https://registry.npmjs.org/retypeapp/-/retypeapp-3.0.3.tgz",
      "integrity": "sha512-W5gNDz+a5uYvckyujfUytu6IjqX0t+Wih9cR7Mf2U8PQBdvcq0X+Dmda2kUut3dSqfeefgS9ffOVJgf58ZRQbw==",
      "bin": {
        "retype": "retype.js"
      }
    }
  }
}
