{
  "name": "docs.contactit.fr",
  "version": "1.0.0",
  "lockfileVersion": 3,
  "requires": true,
  "packages": {
    "": {
      "name": "docs.contactit.fr",
      "version": "1.0.0",
      "license": "ISC",
      "dependencies": {
        "retypeapp": "^3.5.0"
      }
    },
    "node_modules/retypeapp": {
      "version": "3.5.0",
      "resolved": "https://registry.npmjs.org/retypeapp/-/retypeapp-3.5.0.tgz",
      "bin": {
        "retype": "retype.js"
      }
    }
  }
}
